
Microsoft Visual Studio Solution File, Format Version 12.00
# Visual Studio Version 17
VisualStudioVersion = 17.1.32407.343
MinimumVisualStudioVersion = 10.0.40219.1
Project("{8BC9CEB8-8B4A-11D0-8D11-00A0C91BC942}") = "Wolfy_compiler", "Wolfy_compiler\Wolfy_compiler.vcxproj", "{052D47D6-F541-4267-87A3-275FD827C06C}"
EndProject
Project("{8BC9CEB8-8B4A-11D0-8D11-00A0C91BC942}") = "Tes_area", "lexical_analyzer\lexical_analyzer.vcxproj", "{FB7AF26A-334F-42E7-A228-922BB136E0A8}"
EndProject
Project("{8BC9CEB8-8B4A-11D0-8D11-00A0C91BC942}") = "FST", "FST\FST.vcxproj", "{D564C642-A317-4E7B-B30D-F2E8C5DC2501}"
EndProject
Project("{8BC9CEB8-8B4A-11D0-8D11-00A0C91BC942}") = "parser", "parser\parser.vcxproj", "{BD4B5CEA-341C-4F35-8F7B-2AE1738222C5}"
EndProject
Project("{8BC9CEB8-8B4A-11D0-8D11-00A0C91BC942}") = "Console_lib", "Console_lib\Console_lib.vcxproj", "{1848B81B-CF66-4A2B-A421-C724DE642D19}"
EndProject
Global
	GlobalSection(SolutionConfigurationPlatforms) = preSolution
		Debug|x64 = Debug|x64
		Debug|x86 = Debug|x86
		Release|x64 = Release|x64
		Release|x86 = Release|x86
	EndGlobalSection
	GlobalSection(ProjectConfigurationPlatforms) = postSolution
		{052D47D6-F541-4267-87A3-275FD827C06C}.Debug|x64.ActiveCfg = Debug|x64
		{052D47D6-F541-4267-87A3-275FD827C06C}.Debug|x64.Build.0 = Debug|x64
		{052D47D6-F541-4267-87A3-275FD827C06C}.Debug|x86.ActiveCfg = Debug|Win32
		{052D47D6-F541-4267-87A3-275FD827C06C}.Debug|x86.Build.0 = Debug|Win32
		{052D47D6-F541-4267-87A3-275FD827C06C}.Release|x64.ActiveCfg = Release|x64
		{052D47D6-F541-4267-87A3-275FD827C06C}.Release|x64.Build.0 = Release|x64
		{052D47D6-F541-4267-87A3-275FD827C06C}.Release|x86.ActiveCfg = Release|Win32
		{052D47D6-F541-4267-87A3-275FD827C06C}.Release|x86.Build.0 = Release|Win32
		{FB7AF26A-334F-42E7-A228-922BB136E0A8}.Debug|x64.ActiveCfg = Debug|x64
		{FB7AF26A-334F-42E7-A228-922BB136E0A8}.Debug|x64.Build.0 = Debug|x64
		{FB7AF26A-334F-42E7-A228-922BB136E0A8}.Debug|x86.ActiveCfg = Debug|Win32
		{FB7AF26A-334F-42E7-A228-922BB136E0A8}.Debug|x86.Build.0 = Debug|Win32
		{FB7AF26A-334F-42E7-A228-922BB136E0A8}.Release|x64.ActiveCfg = Release|x64
		{FB7AF26A-334F-42E7-A228-922BB136E0A8}.Release|x64.Build.0 = Release|x64
		{FB7AF26A-334F-42E7-A228-922BB136E0A8}.Release|x86.ActiveCfg = Release|Win32
		{FB7AF26A-334F-42E7-A228-922BB136E0A8}.Release|x86.Build.0 = Release|Win32
		{D564C642-A317-4E7B-B30D-F2E8C5DC2501}.Debug|x64.ActiveCfg = Debug|x64
		{D564C642-A317-4E7B-B30D-F2E8C5DC2501}.Debug|x64.Build.0 = Debug|x64
		{D564C642-A317-4E7B-B30D-F2E8C5DC2501}.Debug|x86.ActiveCfg = Debug|Win32
		{D564C642-A317-4E7B-B30D-F2E8C5DC2501}.Debug|x86.Build.0 = Debug|Win32
		{D564C642-A317-4E7B-B30D-F2E8C5DC2501}.Release|x64.ActiveCfg = Release|x64
		{D564C642-A317-4E7B-B30D-F2E8C5DC2501}.Release|x64.Build.0 = Release|x64
		{D564C642-A317-4E7B-B30D-F2E8C5DC2501}.Release|x86.ActiveCfg = Release|Win32
		{D564C642-A317-4E7B-B30D-F2E8C5DC2501}.Release|x86.Build.0 = Release|Win32
		{BD4B5CEA-341C-4F35-8F7B-2AE1738222C5}.Debug|x64.ActiveCfg = Debug|x64
		{BD4B5CEA-341C-4F35-8F7B-2AE1738222C5}.Debug|x64.Build.0 = Debug|x64
		{BD4B5CEA-341C-4F35-8F7B-2AE1738222C5}.Debug|x86.ActiveCfg = Debug|Win32
		{BD4B5CEA-341C-4F35-8F7B-2AE1738222C5}.Debug|x86.Build.0 = Debug|Win32
		{BD4B5CEA-341C-4F35-8F7B-2AE1738222C5}.Release|x64.ActiveCfg = Release|x64
		{BD4B5CEA-341C-4F35-8F7B-2AE1738222C5}.Release|x64.Build.0 = Release|x64
		{BD4B5CEA-341C-4F35-8F7B-2AE1738222C5}.Release|x86.ActiveCfg = Release|Win32
		{BD4B5CEA-341C-4F35-8F7B-2AE1738222C5}.Release|x86.Build.0 = Release|Win32
		{1848B81B-CF66-4A2B-A421-C724DE642D19}.Debug|x64.ActiveCfg = Debug|x64
		{1848B81B-CF66-4A2B-A421-C724DE642D19}.Debug|x64.Build.0 = Debug|x64
		{1848B81B-CF66-4A2B-A421-C724DE642D19}.Debug|x86.ActiveCfg = Debug|Win32
		{1848B81B-CF66-4A2B-A421-C724DE642D19}.Debug|x86.Build.0 = Debug|Win32
		{1848B81B-CF66-4A2B-A421-C724DE642D19}.Release|x64.ActiveCfg = Release|x64
		{1848B81B-CF66-4A2B-A421-C724DE642D19}.Release|x64.Build.0 = Release|x64
		{1848B81B-CF66-4A2B-A421-C724DE642D19}.Release|x86.ActiveCfg = Release|Win32
		{1848B81B-CF66-4A2B-A421-C724DE642D19}.Release|x86.Build.0 = Release|Win32
	EndGlobalSection
	GlobalSection(SolutionProperties) = preSolution
		HideSolutionNode = FALSE
	EndGlobalSection
	GlobalSection(ExtensibilityGlobals) = postSolution
		SolutionGuid = {093A471F-654E-4865-878F-7F0EE0AE519E}
	EndGlobalSection
EndGlobal
